
Microsoft Visual Studio Solution File, Format Version 12.00
# Visual Studio Version 16
VisualStudioVersion = 16.0.29728.190
MinimumVisualStudioVersion = 10.0.40219.1
Project("{FAE04EC0-301F-11D3-BF4B-00C04F79EFBC}") = "Exercise1", "Exercise1\Exercise1.csproj", "{ECF602A3-75CC-4CE0-AE70-FD081088A45E}"
EndProject
Project("{FAE04EC0-301F-11D3-BF4B-00C04F79EFBC}") = "Exercise1.Test", "Exercise1.Test\Exercise1.Test.csproj", "{54F26758-25F4-47E3-8242-612329EFC31A}"
EndProject
Global
	GlobalSection(SolutionConfigurationPlatforms) = preSolution
		Debug|Any CPU = Debug|Any CPU
		Release|Any CPU = Release|Any CPU
	EndGlobalSection
	GlobalSection(ProjectConfigurationPlatforms) = postSolution
		{ECF602A3-75CC-4CE0-AE70-FD081088A45E}.Debug|Any CPU.ActiveCfg = Debug|Any CPU
		{ECF602A3-75CC-4CE0-AE70-FD081088A45E}.Debug|Any CPU.Build.0 = Debug|Any CPU
		{ECF602A3-75CC-4CE0-AE70-FD081088A45E}.Release|Any CPU.ActiveCfg = Release|Any CPU
		{ECF602A3-75CC-4CE0-AE70-FD081088A45E}.Release|Any CPU.Build.0 = Release|Any CPU
		{54F26758-25F4-47E3-8242-612329EFC31A}.Debug|Any CPU.ActiveCfg = Debug|Any CPU
		{54F26758-25F4-47E3-8242-612329EFC31A}.Debug|Any CPU.Build.0 = Debug|Any CPU
		{54F26758-25F4-47E3-8242-612329EFC31A}.Release|Any CPU.ActiveCfg = Release|Any CPU
		{54F26758-25F4-47E3-8242-612329EFC31A}.Release|Any CPU.Build.0 = Release|Any CPU
	EndGlobalSection
	GlobalSection(SolutionProperties) = preSolution
		HideSolutionNode = FALSE
	EndGlobalSection
	GlobalSection(ExtensibilityGlobals) = postSolution
		SolutionGuid = {C760C65F-0B3B-4969-BEAC-E5FB75133F94}
	EndGlobalSection
EndGlobal
